
Microsoft Visual Studio Solution File, Format Version 12.00
# Visual Studio 2013
VisualStudioVersion = 12.0.31101.0
MinimumVisualStudioVersion = 10.0.40219.1
Project("{F2A71F9B-5D33-465A-A702-920D77279786}") = "TreeTraversal", "TreeTraversal\TreeTraversal.fsproj", "{07DAD230-DC31-45F0-BAAA-F6A2240B52E6}"
EndProject
Project("{2150E333-8FDC-42A3-9474-1A3956D46DE8}") = ".nuget", ".nuget", "{3DBEA55F-D1C5-45E1-96D3-8F624FD0677D}"
	ProjectSection(SolutionItems) = preProject
		.nuget\packages.config = .nuget\packages.config
	EndProjectSection
EndProject
Project("{F2A71F9B-5D33-465A-A702-920D77279786}") = "TreeTraversal.UnitTests", "TreeTraversal.UnitTests\TreeTraversal.UnitTests.fsproj", "{6F22D35A-B8F7-4D8E-8C28-607A05BA676C}"
EndProject
Global
	GlobalSection(SolutionConfigurationPlatforms) = preSolution
		Debug|Any CPU = Debug|Any CPU
		Release|Any CPU = Release|Any CPU
	EndGlobalSection
	GlobalSection(ProjectConfigurationPlatforms) = postSolution
		{07DAD230-DC31-45F0-BAAA-F6A2240B52E6}.Debug|Any CPU.ActiveCfg = Debug|Any CPU
		{07DAD230-DC31-45F0-BAAA-F6A2240B52E6}.Debug|Any CPU.Build.0 = Debug|Any CPU
		{07DAD230-DC31-45F0-BAAA-F6A2240B52E6}.Release|Any CPU.ActiveCfg = Release|Any CPU
		{07DAD230-DC31-45F0-BAAA-F6A2240B52E6}.Release|Any CPU.Build.0 = Release|Any CPU
		{6F22D35A-B8F7-4D8E-8C28-607A05BA676C}.Debug|Any CPU.ActiveCfg = Debug|Any CPU
		{6F22D35A-B8F7-4D8E-8C28-607A05BA676C}.Debug|Any CPU.Build.0 = Debug|Any CPU
		{6F22D35A-B8F7-4D8E-8C28-607A05BA676C}.Release|Any CPU.ActiveCfg = Release|Any CPU
		{6F22D35A-B8F7-4D8E-8C28-607A05BA676C}.Release|Any CPU.Build.0 = Release|Any CPU
	EndGlobalSection
	GlobalSection(SolutionProperties) = preSolution
		HideSolutionNode = FALSE
	EndGlobalSection
EndGlobal
